
Microsoft Visual Studio Solution File, Format Version 12.00
# Visual Studio Version 17
VisualStudioVersion = 17.12.35527.113
MinimumVisualStudioVersion = 10.0.40219.1
Project("{FAE04EC0-301F-11D3-BF4B-00C04F79EFBC}") = "Beyond.Todo.Application", "Beyond.Todo.Application\Beyond.Todo.Application.csproj", "{0E68A8DC-827F-4928-B1EE-25DD803B8FF7}"
EndProject
Project("{FAE04EC0-301F-11D3-BF4B-00C04F79EFBC}") = "Beyond.Todo.Domain", "Beyond.Todo.Domain\Beyond.Todo.Domain.csproj", "{23BCF39B-E6FF-4FC7-A685-E87364E0DA41}"
EndProject
Project("{FAE04EC0-301F-11D3-BF4B-00C04F79EFBC}") = "Beyond.Todo.Infrastructure", "Beyond.Todo.Infrastructure\Beyond.Todo.Infrastructure.csproj", "{C7C0F78A-4973-4C97-9FA4-2A76C8A08D76}"
EndProject
Project("{FAE04EC0-301F-11D3-BF4B-00C04F79EFBC}") = "Beyond.Todo.Application.Tests", "Beyond.Todo.Application.Tests\Beyond.Todo.Application.Tests.csproj", "{5629ADA3-D08D-4FCA-9ED1-3216278407B7}"
EndProject
Project("{FAE04EC0-301F-11D3-BF4B-00C04F79EFBC}") = "Beyond.Todo.Console", "Beyond.Todo.Console\Beyond.Todo.Console.csproj", "{2FFA6A7B-C255-4BAA-9BA6-6E8A34C2925F}"
EndProject
Project("{FAE04EC0-301F-11D3-BF4B-00C04F79EFBC}") = "Beyond.Todo.WebApp", "Beyond.Todo.WebApp\Beyond.Todo.WebApp\Beyond.Todo.WebApp.csproj", "{D56716B3-F9EC-4FE8-A355-A09342D5ADD4}"
EndProject
Project("{FAE04EC0-301F-11D3-BF4B-00C04F79EFBC}") = "Beyond.Todo.WebApp.Client", "Beyond.Todo.WebApp\Beyond.Todo.WebApp.Client\Beyond.Todo.WebApp.Client.csproj", "{8EEC925A-76B6-4222-8C22-216C20747842}"
EndProject
Project("{FAE04EC0-301F-11D3-BF4B-00C04F79EFBC}") = "Beyond.Todo.API", "Beyond.Todo.API\Beyond.Todo.API.csproj", "{BD0E572B-0362-45DF-97BF-A0E90EB8DDBB}"
EndProject
Global
	GlobalSection(SolutionConfigurationPlatforms) = preSolution
		Debug|Any CPU = Debug|Any CPU
		Release|Any CPU = Release|Any CPU
	EndGlobalSection
	GlobalSection(ProjectConfigurationPlatforms) = postSolution
		{0E68A8DC-827F-4928-B1EE-25DD803B8FF7}.Debug|Any CPU.ActiveCfg = Debug|Any CPU
		{0E68A8DC-827F-4928-B1EE-25DD803B8FF7}.Debug|Any CPU.Build.0 = Debug|Any CPU
		{0E68A8DC-827F-4928-B1EE-25DD803B8FF7}.Release|Any CPU.ActiveCfg = Release|Any CPU
		{0E68A8DC-827F-4928-B1EE-25DD803B8FF7}.Release|Any CPU.Build.0 = Release|Any CPU
		{23BCF39B-E6FF-4FC7-A685-E87364E0DA41}.Debug|Any CPU.ActiveCfg = Debug|Any CPU
		{23BCF39B-E6FF-4FC7-A685-E87364E0DA41}.Debug|Any CPU.Build.0 = Debug|Any CPU
		{23BCF39B-E6FF-4FC7-A685-E87364E0DA41}.Release|Any CPU.ActiveCfg = Release|Any CPU
		{23BCF39B-E6FF-4FC7-A685-E87364E0DA41}.Release|Any CPU.Build.0 = Release|Any CPU
		{C7C0F78A-4973-4C97-9FA4-2A76C8A08D76}.Debug|Any CPU.ActiveCfg = Debug|Any CPU
		{C7C0F78A-4973-4C97-9FA4-2A76C8A08D76}.Debug|Any CPU.Build.0 = Debug|Any CPU
		{C7C0F78A-4973-4C97-9FA4-2A76C8A08D76}.Release|Any CPU.ActiveCfg = Release|Any CPU
		{C7C0F78A-4973-4C97-9FA4-2A76C8A08D76}.Release|Any CPU.Build.0 = Release|Any CPU
		{5629ADA3-D08D-4FCA-9ED1-3216278407B7}.Debug|Any CPU.ActiveCfg = Debug|Any CPU
		{5629ADA3-D08D-4FCA-9ED1-3216278407B7}.Debug|Any CPU.Build.0 = Debug|Any CPU
		{5629ADA3-D08D-4FCA-9ED1-3216278407B7}.Release|Any CPU.ActiveCfg = Release|Any CPU
		{5629ADA3-D08D-4FCA-9ED1-3216278407B7}.Release|Any CPU.Build.0 = Release|Any CPU
		{2FFA6A7B-C255-4BAA-9BA6-6E8A34C2925F}.Debug|Any CPU.ActiveCfg = Debug|Any CPU
		{2FFA6A7B-C255-4BAA-9BA6-6E8A34C2925F}.Debug|Any CPU.Build.0 = Debug|Any CPU
		{2FFA6A7B-C255-4BAA-9BA6-6E8A34C2925F}.Release|Any CPU.ActiveCfg = Release|Any CPU
		{2FFA6A7B-C255-4BAA-9BA6-6E8A34C2925F}.Release|Any CPU.Build.0 = Release|Any CPU
		{D56716B3-F9EC-4FE8-A355-A09342D5ADD4}.Debug|Any CPU.ActiveCfg = Debug|Any CPU
		{D56716B3-F9EC-4FE8-A355-A09342D5ADD4}.Debug|Any CPU.Build.0 = Debug|Any CPU
		{D56716B3-F9EC-4FE8-A355-A09342D5ADD4}.Release|Any CPU.ActiveCfg = Release|Any CPU
		{D56716B3-F9EC-4FE8-A355-A09342D5ADD4}.Release|Any CPU.Build.0 = Release|Any CPU
		{8EEC925A-76B6-4222-8C22-216C20747842}.Debug|Any CPU.ActiveCfg = Debug|Any CPU
		{8EEC925A-76B6-4222-8C22-216C20747842}.Debug|Any CPU.Build.0 = Debug|Any CPU
		{8EEC925A-76B6-4222-8C22-216C20747842}.Release|Any CPU.ActiveCfg = Release|Any CPU
		{8EEC925A-76B6-4222-8C22-216C20747842}.Release|Any CPU.Build.0 = Release|Any CPU
		{BD0E572B-0362-45DF-97BF-A0E90EB8DDBB}.Debug|Any CPU.ActiveCfg = Debug|Any CPU
		{BD0E572B-0362-45DF-97BF-A0E90EB8DDBB}.Debug|Any CPU.Build.0 = Debug|Any CPU
		{BD0E572B-0362-45DF-97BF-A0E90EB8DDBB}.Release|Any CPU.ActiveCfg = Release|Any CPU
		{BD0E572B-0362-45DF-97BF-A0E90EB8DDBB}.Release|Any CPU.Build.0 = Release|Any CPU
	EndGlobalSection
	GlobalSection(SolutionProperties) = preSolution
		HideSolutionNode = FALSE
	EndGlobalSection
EndGlobal
